
Microsoft Visual Studio Solution File, Format Version 12.00
# Visual Studio Version 17
VisualStudioVersion = 17.14.36623.8
MinimumVisualStudioVersion = 10.0.40219.1
Project("{9A19103F-16F7-4668-BE54-9A1E7A4F7556}") = "Dragon.BlackProject.ApiServer", "Dragon.BlackProject.ApiServer\Dragon.BlackProject.ApiServer.csproj", "{67E61A5C-8516-437F-80D8-F281A0AE3737}"
	ProjectSection(ProjectDependencies) = postProject
		{2907D61B-2AD0-4D96-9A92-F5E639CEA64C} = {2907D61B-2AD0-4D96-9A92-F5E639CEA64C}
	EndProjectSection
EndProject
Project("{9A19103F-16F7-4668-BE54-9A1E7A4F7556}") = "Dragon.BlackProject.AuthServer", "Dragon.BlackProject.AuthServer\Dragon.BlackProject.AuthServer.csproj", "{2B7C0731-F4EA-45C5-84AD-523AE01B015A}"
EndProject
Project("{9A19103F-16F7-4668-BE54-9A1E7A4F7556}") = "Dragon.BlackProject.Common", "Dragon.BlackProject.Common\Dragon.BlackProject.Common.csproj", "{2907D61B-2AD0-4D96-9A92-F5E639CEA64C}"
EndProject
Project("{9A19103F-16F7-4668-BE54-9A1E7A4F7556}") = "Dragon.BlackProject.Models", "Dragon.BlackProject.Models\Dragon.BlackProject.Models.csproj", "{F3D8A243-078C-474F-82E1-8069DD3C1A91}"
EndProject
Project("{9A19103F-16F7-4668-BE54-9A1E7A4F7556}") = "Dragon.BlackProject.ModelDtos", "Dragon.BlackProject.ModelDtos\Dragon.BlackProject.ModelDtos.csproj", "{D9C2B903-7A0F-49B5-8A4F-F40608EDB199}"
EndProject
Project("{9A19103F-16F7-4668-BE54-9A1E7A4F7556}") = "Dragon.BlackProject.BusinessInterface", "Dragon.BlackProject.BusinessInterface\Dragon.BlackProject.BusinessInterface.csproj", "{35559356-991B-4C12-A4F8-C64AB0C23813}"
EndProject
Project("{9A19103F-16F7-4668-BE54-9A1E7A4F7556}") = "Dragon.BlackProject.BussinessService", "Dragon.BlackProject.BussinessService\Dragon.BlackProject.BussinessService.csproj", "{DBF55DB7-70C1-4F05-82F8-115C158D1F87}"
EndProject
Project("{9A19103F-16F7-4668-BE54-9A1E7A4F7556}") = "Dragon.BlackProject.VueWeb", "Dragon.BlackProject.VueWeb\Dragon.BlackProject.VueWeb.csproj", "{3FF1D462-81BF-4D2D-AE65-6228CF315F36}"
EndProject
Global
	GlobalSection(SolutionConfigurationPlatforms) = preSolution
		Debug|Any CPU = Debug|Any CPU
		Release|Any CPU = Release|Any CPU
	EndGlobalSection
	GlobalSection(ProjectConfigurationPlatforms) = postSolution
		{67E61A5C-8516-437F-80D8-F281A0AE3737}.Debug|Any CPU.ActiveCfg = Debug|Any CPU
		{67E61A5C-8516-437F-80D8-F281A0AE3737}.Debug|Any CPU.Build.0 = Debug|Any CPU
		{67E61A5C-8516-437F-80D8-F281A0AE3737}.Release|Any CPU.ActiveCfg = Release|Any CPU
		{67E61A5C-8516-437F-80D8-F281A0AE3737}.Release|Any CPU.Build.0 = Release|Any CPU
		{2B7C0731-F4EA-45C5-84AD-523AE01B015A}.Debug|Any CPU.ActiveCfg = Debug|Any CPU
		{2B7C0731-F4EA-45C5-84AD-523AE01B015A}.Debug|Any CPU.Build.0 = Debug|Any CPU
		{2B7C0731-F4EA-45C5-84AD-523AE01B015A}.Release|Any CPU.ActiveCfg = Release|Any CPU
		{2B7C0731-F4EA-45C5-84AD-523AE01B015A}.Release|Any CPU.Build.0 = Release|Any CPU
		{2907D61B-2AD0-4D96-9A92-F5E639CEA64C}.Debug|Any CPU.ActiveCfg = Debug|Any CPU
		{2907D61B-2AD0-4D96-9A92-F5E639CEA64C}.Debug|Any CPU.Build.0 = Debug|Any CPU
		{2907D61B-2AD0-4D96-9A92-F5E639CEA64C}.Release|Any CPU.ActiveCfg = Release|Any CPU
		{2907D61B-2AD0-4D96-9A92-F5E639CEA64C}.Release|Any CPU.Build.0 = Release|Any CPU
		{F3D8A243-078C-474F-82E1-8069DD3C1A91}.Debug|Any CPU.ActiveCfg = Debug|Any CPU
		{F3D8A243-078C-474F-82E1-8069DD3C1A91}.Debug|Any CPU.Build.0 = Debug|Any CPU
		{F3D8A243-078C-474F-82E1-8069DD3C1A91}.Release|Any CPU.ActiveCfg = Release|Any CPU
		{F3D8A243-078C-474F-82E1-8069DD3C1A91}.Release|Any CPU.Build.0 = Release|Any CPU
		{D9C2B903-7A0F-49B5-8A4F-F40608EDB199}.Debug|Any CPU.ActiveCfg = Debug|Any CPU
		{D9C2B903-7A0F-49B5-8A4F-F40608EDB199}.Debug|Any CPU.Build.0 = Debug|Any CPU
		{D9C2B903-7A0F-49B5-8A4F-F40608EDB199}.Release|Any CPU.ActiveCfg = Release|Any CPU
		{D9C2B903-7A0F-49B5-8A4F-F40608EDB199}.Release|Any CPU.Build.0 = Release|Any CPU
		{35559356-991B-4C12-A4F8-C64AB0C23813}.Debug|Any CPU.ActiveCfg = Debug|Any CPU
		{35559356-991B-4C12-A4F8-C64AB0C23813}.Debug|Any CPU.Build.0 = Debug|Any CPU
		{35559356-991B-4C12-A4F8-C64AB0C23813}.Release|Any CPU.ActiveCfg = Release|Any CPU
		{35559356-991B-4C12-A4F8-C64AB0C23813}.Release|Any CPU.Build.0 = Release|Any CPU
		{DBF55DB7-70C1-4F05-82F8-115C158D1F87}.Debug|Any CPU.ActiveCfg = Debug|Any CPU
		{DBF55DB7-70C1-4F05-82F8-115C158D1F87}.Debug|Any CPU.Build.0 = Debug|Any CPU
		{DBF55DB7-70C1-4F05-82F8-115C158D1F87}.Release|Any CPU.ActiveCfg = Release|Any CPU
		{DBF55DB7-70C1-4F05-82F8-115C158D1F87}.Release|Any CPU.Build.0 = Release|Any CPU
		{3FF1D462-81BF-4D2D-AE65-6228CF315F36}.Debug|Any CPU.ActiveCfg = Debug|Any CPU
		{3FF1D462-81BF-4D2D-AE65-6228CF315F36}.Debug|Any CPU.Build.0 = Debug|Any CPU
		{3FF1D462-81BF-4D2D-AE65-6228CF315F36}.Release|Any CPU.ActiveCfg = Release|Any CPU
		{3FF1D462-81BF-4D2D-AE65-6228CF315F36}.Release|Any CPU.Build.0 = Release|Any CPU
	EndGlobalSection
	GlobalSection(SolutionProperties) = preSolution
		HideSolutionNode = FALSE
	EndGlobalSection
	GlobalSection(ExtensibilityGlobals) = postSolution
		SolutionGuid = {889D1B2A-0E00-4473-BA22-0477BAC5D524}
	EndGlobalSection
EndGlobal
